
Microsoft Visual Studio Solution File, Format Version 12.00
# Visual Studio Version 17
VisualStudioVersion = 17.0.31825.309
MinimumVisualStudioVersion = 10.0.40219.1
Project("{FAE04EC0-301F-11D3-BF4B-00C04F79EFBC}") = "Constructor5", "Constructor5\Constructor5.csproj", "{8AFD4531-4B69-42A6-AA95-37E8E527B058}"
EndProject
Project("{FAE04EC0-301F-11D3-BF4B-00C04F79EFBC}") = "Constructor5.UI", "Constructor5.UI\Constructor5.UI.csproj", "{92267EC9-B06A-44AC-B383-F40C4D6A5755}"
EndProject
Project("{FAE04EC0-301F-11D3-BF4B-00C04F79EFBC}") = "Constructor5.Base", "Constructor5.Base\Constructor5.Base.csproj", "{F6468A79-3DA7-4F70-878B-D3C47E67294E}"
EndProject
Project("{FAE04EC0-301F-11D3-BF4B-00C04F79EFBC}") = "Constructor5.Core", "Constructor5.Core\Constructor5.Core.csproj", "{C0F0F8A5-0F1D-47CA-A3D9-A58042374574}"
EndProject
Project("{FAE04EC0-301F-11D3-BF4B-00C04F79EFBC}") = "Constructor5.Xml", "Constructor5.Xml\Constructor5.Xml.csproj", "{BF050D2B-8934-4820-A298-749243CFB076}"
EndProject
Project("{FAE04EC0-301F-11D3-BF4B-00C04F79EFBC}") = "Constructor5.Elements", "Constructor5.Elements\Constructor5.Elements.csproj", "{8CDAF7B3-75C2-4365-A29E-BA5D85BC24EB}"
EndProject
Project("{FAE04EC0-301F-11D3-BF4B-00C04F79EFBC}") = "Constructor5.TestConditionTypes", "Constructor5.TestConditionTypes\Constructor5.TestConditionTypes.csproj", "{5A2FAE23-9C84-408D-B637-42D843649929}"
EndProject
Project("{FAE04EC0-301F-11D3-BF4B-00C04F79EFBC}") = "Constructor5.InteractionTemplates", "Constructor5.InteractionTemplates\Constructor5.InteractionTemplates.csproj", "{64663FBD-015C-49E6-A7B7-B0EACA5D5EC1}"
EndProject
Project("{FAE04EC0-301F-11D3-BF4B-00C04F79EFBC}") = "Constructor5.LootActionTypes", "Constructor5.LootActionTypes\Constructor5.LootActionTypes.csproj", "{5D5C551A-F4D0-4965-894F-CDB404666D52}"
EndProject
Project("{FAE04EC0-301F-11D3-BF4B-00C04F79EFBC}") = "Constructor5.TuningConverter", "Constructor5.TuningConverter\Constructor5.TuningConverter.csproj", "{972722FD-46AC-493E-BB29-9ED3F0858B30}"
EndProject
Project("{FAE04EC0-301F-11D3-BF4B-00C04F79EFBC}") = "Constructor5.FormGenerator", "Constructor5.FormGenerator\Constructor5.FormGenerator.csproj", "{2B92541B-D976-417A-8B44-AD84FB775B54}"
EndProject
Project("{2150E333-8FDC-42A3-9474-1A3956D46DE8}") = "App", "App", "{EC3CAD67-CAC1-4BD0-8566-DF2492547CD3}"
EndProject
Project("{2150E333-8FDC-42A3-9474-1A3956D46DE8}") = "Content", "Content", "{02BDAF7E-804E-4BFC-821D-C4DD63D84586}"
EndProject
Project("{2150E333-8FDC-42A3-9474-1A3956D46DE8}") = "Debug", "Debug", "{52B09123-8EC1-4E5A-A2F4-8DCDD656AC5F}"
EndProject
Project("{FAE04EC0-301F-11D3-BF4B-00C04F79EFBC}") = "Constructor5.SituationTemplates", "Constructor5.SituationTemplates\Constructor5.SituationTemplates.csproj", "{04FDF334-0873-4A4B-BACF-EE632E6B33C3}"
EndProject
Project("{FAE04EC0-301F-11D3-BF4B-00C04F79EFBC}") = "Constructor5.ObjectFromTDescConverter", "Constructor5.ObjectFromTDescConverter\Constructor5.ObjectFromTDescConverter.csproj", "{C83D9C73-B38A-469D-BC0C-F332C66B8BCE}"
EndProject
Project("{FAE04EC0-301F-11D3-BF4B-00C04F79EFBC}") = "Constructor5.SimFilterTypes", "Constructor5.SimFilterTypes\Constructor5.SimFilterTypes.csproj", "{DCC506F4-8E58-4F58-8662-156F8F93E16F}"
EndProject
Project("{FAE04EC0-301F-11D3-BF4B-00C04F79EFBC}") = "Constructor5.SituationGoalTemplates", "Constructor5.SituationGoalTemplates\Constructor5.SituationGoalTemplates.csproj", "{B0B3CC1F-0DBE-4A47-80A5-DD459193CEC9}"
EndProject
Global
	GlobalSection(SolutionConfigurationPlatforms) = preSolution
		Debug|Any CPU = Debug|Any CPU
		Debug|x64 = Debug|x64
		Release|Any CPU = Release|Any CPU
		Release|x64 = Release|x64
	EndGlobalSection
	GlobalSection(ProjectConfigurationPlatforms) = postSolution
		{8AFD4531-4B69-42A6-AA95-37E8E527B058}.Debug|Any CPU.ActiveCfg = Debug|Any CPU
		{8AFD4531-4B69-42A6-AA95-37E8E527B058}.Debug|Any CPU.Build.0 = Debug|Any CPU
		{8AFD4531-4B69-42A6-AA95-37E8E527B058}.Debug|x64.ActiveCfg = Debug|x64
		{8AFD4531-4B69-42A6-AA95-37E8E527B058}.Debug|x64.Build.0 = Debug|x64
		{8AFD4531-4B69-42A6-AA95-37E8E527B058}.Release|Any CPU.ActiveCfg = Release|Any CPU
		{8AFD4531-4B69-42A6-AA95-37E8E527B058}.Release|Any CPU.Build.0 = Release|Any CPU
		{8AFD4531-4B69-42A6-AA95-37E8E527B058}.Release|x64.ActiveCfg = Release|x64
		{8AFD4531-4B69-42A6-AA95-37E8E527B058}.Release|x64.Build.0 = Release|x64
		{92267EC9-B06A-44AC-B383-F40C4D6A5755}.Debug|Any CPU.ActiveCfg = Debug|Any CPU
		{92267EC9-B06A-44AC-B383-F40C4D6A5755}.Debug|Any CPU.Build.0 = Debug|Any CPU
		{92267EC9-B06A-44AC-B383-F40C4D6A5755}.Debug|x64.ActiveCfg = Debug|x64
		{92267EC9-B06A-44AC-B383-F40C4D6A5755}.Debug|x64.Build.0 = Debug|x64
		{92267EC9-B06A-44AC-B383-F40C4D6A5755}.Release|Any CPU.ActiveCfg = Release|Any CPU
		{92267EC9-B06A-44AC-B383-F40C4D6A5755}.Release|Any CPU.Build.0 = Release|Any CPU
		{92267EC9-B06A-44AC-B383-F40C4D6A5755}.Release|x64.ActiveCfg = Release|x64
		{92267EC9-B06A-44AC-B383-F40C4D6A5755}.Release|x64.Build.0 = Release|x64
		{F6468A79-3DA7-4F70-878B-D3C47E67294E}.Debug|Any CPU.ActiveCfg = Debug|Any CPU
		{F6468A79-3DA7-4F70-878B-D3C47E67294E}.Debug|Any CPU.Build.0 = Debug|Any CPU
		{F6468A79-3DA7-4F70-878B-D3C47E67294E}.Debug|x64.ActiveCfg = Debug|x64
		{F6468A79-3DA7-4F70-878B-D3C47E67294E}.Debug|x64.Build.0 = Debug|x64
		{F6468A79-3DA7-4F70-878B-D3C47E67294E}.Release|Any CPU.ActiveCfg = Release|Any CPU
		{F6468A79-3DA7-4F70-878B-D3C47E67294E}.Release|Any CPU.Build.0 = Release|Any CPU
		{F6468A79-3DA7-4F70-878B-D3C47E67294E}.Release|x64.ActiveCfg = Release|x64
		{F6468A79-3DA7-4F70-878B-D3C47E67294E}.Release|x64.Build.0 = Release|x64
		{C0F0F8A5-0F1D-47CA-A3D9-A58042374574}.Debug|Any CPU.ActiveCfg = Debug|Any CPU
		{C0F0F8A5-0F1D-47CA-A3D9-A58042374574}.Debug|Any CPU.Build.0 = Debug|Any CPU
		{C0F0F8A5-0F1D-47CA-A3D9-A58042374574}.Debug|x64.ActiveCfg = Debug|x64
		{C0F0F8A5-0F1D-47CA-A3D9-A58042374574}.Debug|x64.Build.0 = Debug|x64
		{C0F0F8A5-0F1D-47CA-A3D9-A58042374574}.Release|Any CPU.ActiveCfg = Release|Any CPU
		{C0F0F8A5-0F1D-47CA-A3D9-A58042374574}.Release|Any CPU.Build.0 = Release|Any CPU
		{C0F0F8A5-0F1D-47CA-A3D9-A58042374574}.Release|x64.ActiveCfg = Release|x64
		{C0F0F8A5-0F1D-47CA-A3D9-A58042374574}.Release|x64.Build.0 = Release|x64
		{BF050D2B-8934-4820-A298-749243CFB076}.Debug|Any CPU.ActiveCfg = Debug|Any CPU
		{BF050D2B-8934-4820-A298-749243CFB076}.Debug|Any CPU.Build.0 = Debug|Any CPU
		{BF050D2B-8934-4820-A298-749243CFB076}.Debug|x64.ActiveCfg = Debug|x64
		{BF050D2B-8934-4820-A298-749243CFB076}.Debug|x64.Build.0 = Debug|x64
		{BF050D2B-8934-4820-A298-749243CFB076}.Release|Any CPU.ActiveCfg = Release|Any CPU
		{BF050D2B-8934-4820-A298-749243CFB076}.Release|Any CPU.Build.0 = Release|Any CPU
		{BF050D2B-8934-4820-A298-749243CFB076}.Release|x64.ActiveCfg = Release|x64
		{BF050D2B-8934-4820-A298-749243CFB076}.Release|x64.Build.0 = Release|x64
		{8CDAF7B3-75C2-4365-A29E-BA5D85BC24EB}.Debug|Any CPU.ActiveCfg = Debug|Any CPU
		{8CDAF7B3-75C2-4365-A29E-BA5D85BC24EB}.Debug|Any CPU.Build.0 = Debug|Any CPU
		{8CDAF7B3-75C2-4365-A29E-BA5D85BC24EB}.Debug|x64.ActiveCfg = Debug|x64
		{8CDAF7B3-75C2-4365-A29E-BA5D85BC24EB}.Debug|x64.Build.0 = Debug|x64
		{8CDAF7B3-75C2-4365-A29E-BA5D85BC24EB}.Release|Any CPU.ActiveCfg = Release|Any CPU
		{8CDAF7B3-75C2-4365-A29E-BA5D85BC24EB}.Release|Any CPU.Build.0 = Release|Any CPU
		{8CDAF7B3-75C2-4365-A29E-BA5D85BC24EB}.Release|x64.ActiveCfg = Release|x64
		{8CDAF7B3-75C2-4365-A29E-BA5D85BC24EB}.Release|x64.Build.0 = Release|x64
		{5A2FAE23-9C84-408D-B637-42D843649929}.Debug|Any CPU.ActiveCfg = Debug|Any CPU
		{5A2FAE23-9C84-408D-B637-42D843649929}.Debug|Any CPU.Build.0 = Debug|Any CPU
		{5A2FAE23-9C84-408D-B637-42D843649929}.Debug|x64.ActiveCfg = Debug|x64
		{5A2FAE23-9C84-408D-B637-42D843649929}.Debug|x64.Build.0 = Debug|x64
		{5A2FAE23-9C84-408D-B637-42D843649929}.Release|Any CPU.ActiveCfg = Release|Any CPU
		{5A2FAE23-9C84-408D-B637-42D843649929}.Release|Any CPU.Build.0 = Release|Any CPU
		{5A2FAE23-9C84-408D-B637-42D843649929}.Release|x64.ActiveCfg = Release|x64
		{5A2FAE23-9C84-408D-B637-42D843649929}.Release|x64.Build.0 = Release|x64
		{64663FBD-015C-49E6-A7B7-B0EACA5D5EC1}.Debug|Any CPU.ActiveCfg = Debug|Any CPU
		{64663FBD-015C-49E6-A7B7-B0EACA5D5EC1}.Debug|Any CPU.Build.0 = Debug|Any CPU
		{64663FBD-015C-49E6-A7B7-B0EACA5D5EC1}.Debug|x64.ActiveCfg = Debug|x64
		{64663FBD-015C-49E6-A7B7-B0EACA5D5EC1}.Debug|x64.Build.0 = Debug|x64
		{64663FBD-015C-49E6-A7B7-B0EACA5D5EC1}.Release|Any CPU.ActiveCfg = Release|Any CPU
		{64663FBD-015C-49E6-A7B7-B0EACA5D5EC1}.Release|Any CPU.Build.0 = Release|Any CPU
		{64663FBD-015C-49E6-A7B7-B0EACA5D5EC1}.Release|x64.ActiveCfg = Release|x64
		{64663FBD-015C-49E6-A7B7-B0EACA5D5EC1}.Release|x64.Build.0 = Release|x64
		{5D5C551A-F4D0-4965-894F-CDB404666D52}.Debug|Any CPU.ActiveCfg = Debug|Any CPU
		{5D5C551A-F4D0-4965-894F-CDB404666D52}.Debug|Any CPU.Build.0 = Debug|Any CPU
		{5D5C551A-F4D0-4965-894F-CDB404666D52}.Debug|x64.ActiveCfg = Debug|x64
		{5D5C551A-F4D0-4965-894F-CDB404666D52}.Debug|x64.Build.0 = Debug|x64
		{5D5C551A-F4D0-4965-894F-CDB404666D52}.Release|Any CPU.ActiveCfg = Release|Any CPU
		{5D5C551A-F4D0-4965-894F-CDB404666D52}.Release|Any CPU.Build.0 = Release|Any CPU
		{5D5C551A-F4D0-4965-894F-CDB404666D52}.Release|x64.ActiveCfg = Release|x64
		{5D5C551A-F4D0-4965-894F-CDB404666D52}.Release|x64.Build.0 = Release|x64
		{972722FD-46AC-493E-BB29-9ED3F0858B30}.Debug|Any CPU.ActiveCfg = Debug|Any CPU
		{972722FD-46AC-493E-BB29-9ED3F0858B30}.Debug|Any CPU.Build.0 = Debug|Any CPU
		{972722FD-46AC-493E-BB29-9ED3F0858B30}.Debug|x64.ActiveCfg = Debug|x64
		{972722FD-46AC-493E-BB29-9ED3F0858B30}.Debug|x64.Build.0 = Debug|x64
		{972722FD-46AC-493E-BB29-9ED3F0858B30}.Release|Any CPU.ActiveCfg = Release|Any CPU
		{972722FD-46AC-493E-BB29-9ED3F0858B30}.Release|Any CPU.Build.0 = Release|Any CPU
		{972722FD-46AC-493E-BB29-9ED3F0858B30}.Release|x64.ActiveCfg = Release|x64
		{972722FD-46AC-493E-BB29-9ED3F0858B30}.Release|x64.Build.0 = Release|x64
		{2B92541B-D976-417A-8B44-AD84FB775B54}.Debug|Any CPU.ActiveCfg = Debug|Any CPU
		{2B92541B-D976-417A-8B44-AD84FB775B54}.Debug|Any CPU.Build.0 = Debug|Any CPU
		{2B92541B-D976-417A-8B44-AD84FB775B54}.Debug|x64.ActiveCfg = Debug|x64
		{2B92541B-D976-417A-8B44-AD84FB775B54}.Debug|x64.Build.0 = Debug|x64
		{2B92541B-D976-417A-8B44-AD84FB775B54}.Release|Any CPU.ActiveCfg = Release|Any CPU
		{2B92541B-D976-417A-8B44-AD84FB775B54}.Release|Any CPU.Build.0 = Release|Any CPU
		{2B92541B-D976-417A-8B44-AD84FB775B54}.Release|x64.ActiveCfg = Release|x64
		{2B92541B-D976-417A-8B44-AD84FB775B54}.Release|x64.Build.0 = Release|x64
		{04FDF334-0873-4A4B-BACF-EE632E6B33C3}.Debug|Any CPU.ActiveCfg = Debug|Any CPU
		{04FDF334-0873-4A4B-BACF-EE632E6B33C3}.Debug|Any CPU.Build.0 = Debug|Any CPU
		{04FDF334-0873-4A4B-BACF-EE632E6B33C3}.Debug|x64.ActiveCfg = Debug|x64
		{04FDF334-0873-4A4B-BACF-EE632E6B33C3}.Debug|x64.Build.0 = Debug|x64
		{04FDF334-0873-4A4B-BACF-EE632E6B33C3}.Release|Any CPU.ActiveCfg = Release|Any CPU
		{04FDF334-0873-4A4B-BACF-EE632E6B33C3}.Release|Any CPU.Build.0 = Release|Any CPU
		{04FDF334-0873-4A4B-BACF-EE632E6B33C3}.Release|x64.ActiveCfg = Release|x64
		{04FDF334-0873-4A4B-BACF-EE632E6B33C3}.Release|x64.Build.0 = Release|x64
		{C83D9C73-B38A-469D-BC0C-F332C66B8BCE}.Debug|Any CPU.ActiveCfg = Debug|Any CPU
		{C83D9C73-B38A-469D-BC0C-F332C66B8BCE}.Debug|Any CPU.Build.0 = Debug|Any CPU
		{C83D9C73-B38A-469D-BC0C-F332C66B8BCE}.Debug|x64.ActiveCfg = Debug|Any CPU
		{C83D9C73-B38A-469D-BC0C-F332C66B8BCE}.Debug|x64.Build.0 = Debug|Any CPU
		{C83D9C73-B38A-469D-BC0C-F332C66B8BCE}.Release|Any CPU.ActiveCfg = Release|Any CPU
		{C83D9C73-B38A-469D-BC0C-F332C66B8BCE}.Release|Any CPU.Build.0 = Release|Any CPU
		{C83D9C73-B38A-469D-BC0C-F332C66B8BCE}.Release|x64.ActiveCfg = Release|Any CPU
		{C83D9C73-B38A-469D-BC0C-F332C66B8BCE}.Release|x64.Build.0 = Release|Any CPU
		{DCC506F4-8E58-4F58-8662-156F8F93E16F}.Debug|Any CPU.ActiveCfg = Debug|Any CPU
		{DCC506F4-8E58-4F58-8662-156F8F93E16F}.Debug|Any CPU.Build.0 = Debug|Any CPU
		{DCC506F4-8E58-4F58-8662-156F8F93E16F}.Debug|x64.ActiveCfg = Debug|Any CPU
		{DCC506F4-8E58-4F58-8662-156F8F93E16F}.Debug|x64.Build.0 = Debug|Any CPU
		{DCC506F4-8E58-4F58-8662-156F8F93E16F}.Release|Any CPU.ActiveCfg = Release|Any CPU
		{DCC506F4-8E58-4F58-8662-156F8F93E16F}.Release|Any CPU.Build.0 = Release|Any CPU
		{DCC506F4-8E58-4F58-8662-156F8F93E16F}.Release|x64.ActiveCfg = Release|Any CPU
		{DCC506F4-8E58-4F58-8662-156F8F93E16F}.Release|x64.Build.0 = Release|Any CPU
		{B0B3CC1F-0DBE-4A47-80A5-DD459193CEC9}.Debug|Any CPU.ActiveCfg = Debug|Any CPU
		{B0B3CC1F-0DBE-4A47-80A5-DD459193CEC9}.Debug|Any CPU.Build.0 = Debug|Any CPU
		{B0B3CC1F-0DBE-4A47-80A5-DD459193CEC9}.Debug|x64.ActiveCfg = Debug|Any CPU
		{B0B3CC1F-0DBE-4A47-80A5-DD459193CEC9}.Debug|x64.Build.0 = Debug|Any CPU
		{B0B3CC1F-0DBE-4A47-80A5-DD459193CEC9}.Release|Any CPU.ActiveCfg = Release|Any CPU
		{B0B3CC1F-0DBE-4A47-80A5-DD459193CEC9}.Release|Any CPU.Build.0 = Release|Any CPU
		{B0B3CC1F-0DBE-4A47-80A5-DD459193CEC9}.Release|x64.ActiveCfg = Release|Any CPU
		{B0B3CC1F-0DBE-4A47-80A5-DD459193CEC9}.Release|x64.Build.0 = Release|Any CPU
	EndGlobalSection
	GlobalSection(SolutionProperties) = preSolution
		HideSolutionNode = FALSE
	EndGlobalSection
	GlobalSection(NestedProjects) = preSolution
		{8AFD4531-4B69-42A6-AA95-37E8E527B058} = {EC3CAD67-CAC1-4BD0-8566-DF2492547CD3}
		{92267EC9-B06A-44AC-B383-F40C4D6A5755} = {EC3CAD67-CAC1-4BD0-8566-DF2492547CD3}
		{F6468A79-3DA7-4F70-878B-D3C47E67294E} = {EC3CAD67-CAC1-4BD0-8566-DF2492547CD3}
		{C0F0F8A5-0F1D-47CA-A3D9-A58042374574} = {EC3CAD67-CAC1-4BD0-8566-DF2492547CD3}
		{BF050D2B-8934-4820-A298-749243CFB076} = {EC3CAD67-CAC1-4BD0-8566-DF2492547CD3}
		{8CDAF7B3-75C2-4365-A29E-BA5D85BC24EB} = {02BDAF7E-804E-4BFC-821D-C4DD63D84586}
		{5A2FAE23-9C84-408D-B637-42D843649929} = {02BDAF7E-804E-4BFC-821D-C4DD63D84586}
		{64663FBD-015C-49E6-A7B7-B0EACA5D5EC1} = {02BDAF7E-804E-4BFC-821D-C4DD63D84586}
		{5D5C551A-F4D0-4965-894F-CDB404666D52} = {02BDAF7E-804E-4BFC-821D-C4DD63D84586}
		{972722FD-46AC-493E-BB29-9ED3F0858B30} = {52B09123-8EC1-4E5A-A2F4-8DCDD656AC5F}
		{2B92541B-D976-417A-8B44-AD84FB775B54} = {52B09123-8EC1-4E5A-A2F4-8DCDD656AC5F}
		{04FDF334-0873-4A4B-BACF-EE632E6B33C3} = {02BDAF7E-804E-4BFC-821D-C4DD63D84586}
		{C83D9C73-B38A-469D-BC0C-F332C66B8BCE} = {52B09123-8EC1-4E5A-A2F4-8DCDD656AC5F}
		{DCC506F4-8E58-4F58-8662-156F8F93E16F} = {02BDAF7E-804E-4BFC-821D-C4DD63D84586}
		{B0B3CC1F-0DBE-4A47-80A5-DD459193CEC9} = {02BDAF7E-804E-4BFC-821D-C4DD63D84586}
	EndGlobalSection
	GlobalSection(ExtensibilityGlobals) = postSolution
		SolutionGuid = {C7BFE636-B571-4472-A775-50917DF7D61F}
	EndGlobalSection
EndGlobal
